Microsoft Visual Studio Solution File, Format Version 12.00
# Visual Studio Version 17
VisualStudioVersion = 17.1.32210.238
MinimumVisualStudioVersion = 10.0.40219.1
Project("{9A19103F-16F7-4668-BE54-9A1E7A4F7556}") = "HelloWorld", "src\HelloWorld\HelloWorld.csproj", "{090717FE-BFA4-4E77-BB17-56BA33844343}"
EndProject
Project("{9A19103F-16F7-4668-BE54-9A1E7A4F7556}") = "HelloWorld.Test", "tests\HelloWorld\HelloWorld.Test.csproj", "{D0A31C61-B4F2-4219-AB70-BBF0C2574933}"
EndProject
Global
	GlobalSection(SolutionConfigurationPlatforms) = preSolution
		Debug|Any CPU = Debug|Any CPU
		Release|Any CPU = Release|Any CPU
	EndGlobalSection
	GlobalSection(ProjectConfigurationPlatforms) = postSolution
		{090717FE-BFA4-4E77-BB17-56BA33844343}.Debug|Any CPU.ActiveCfg = Debug|Any CPU
		{090717FE-BFA4-4E77-BB17-56BA33844343}.Debug|Any CPU.Build.0 = Debug|Any CPU
		{090717FE-BFA4-4E77-BB17-56BA33844343}.Release|Any CPU.ActiveCfg = Release|Any CPU
		{090717FE-BFA4-4E77-BB17-56BA33844343}.Release|Any CPU.Build.0 = Release|Any CPU
		{D0A31C61-B4F2-4219-AB70-BBF0C2574933}.Debug|Any CPU.ActiveCfg = Debug|Any CPU
		{D0A31C61-B4F2-4219-AB70-BBF0C2574933}.Debug|Any CPU.Build.0 = Debug|Any CPU
		{D0A31C61-B4F2-4219-AB70-BBF0C2574933}.Release|Any CPU.ActiveCfg = Release|Any CPU
		{D0A31C61-B4F2-4219-AB70-BBF0C2574933}.Release|Any CPU.Build.0 = Release|Any CPU
	EndGlobalSection
	GlobalSection(SolutionProperties) = preSolution
		HideSolutionNode = FALSE
	EndGlobalSection
	GlobalSection(ExtensibilityGlobals) = postSolution
		SolutionGuid = {5ED6A81C-B702-4189-88EC-AACB7A38AFBA}
	EndGlobalSection
EndGlobal
